
Microsoft Visual Studio Solution File, Format Version 12.00
# Visual Studio Version 16
VisualStudioVersion = 16.0.31515.178
MinimumVisualStudioVersion = 10.0.40219.1
Project("{FAE04EC0-301F-11D3-BF4B-00C04F79EFBC}") = "RapidAgingPills", "RapidAgingPills\RapidAgingPills.csproj", "{C600B527-939E-4D94-B4DC-00EF31FDFF47}"
EndProject
Global
	GlobalSection(SolutionConfigurationPlatforms) = preSolution
		Debug|Any CPU = Debug|Any CPU
		Release|Any CPU = Release|Any CPU
	EndGlobalSection
	GlobalSection(ProjectConfigurationPlatforms) = postSolution
		{C600B527-939E-4D94-B4DC-00EF31FDFF47}.Debug|Any CPU.ActiveCfg = Debug|Any CPU
		{C600B527-939E-4D94-B4DC-00EF31FDFF47}.Debug|Any CPU.Build.0 = Debug|Any CPU
		{C600B527-939E-4D94-B4DC-00EF31FDFF47}.Release|Any CPU.ActiveCfg = Release|Any CPU
		{C600B527-939E-4D94-B4DC-00EF31FDFF47}.Release|Any CPU.Build.0 = Release|Any CPU
	EndGlobalSection
	GlobalSection(SolutionProperties) = preSolution
		HideSolutionNode = FALSE
	EndGlobalSection
	GlobalSection(ExtensibilityGlobals) = postSolution
		SolutionGuid = {4A5892E3-D3AE-456C-A0A0-51A43702D518}
	EndGlobalSection
EndGlobal
